
Microsoft Visual Studio Solution File, Format Version 12.00
# Visual Studio Version 16
VisualStudioVersion = 16.0.30523.141
MinimumVisualStudioVersion = 10.0.40219.1
Project("{FAE04EC0-301F-11D3-BF4B-00C04F79EFBC}") = "Reuniune", "Reuniune\Reuniune.csproj", "{450C642E-8D6A-4A3F-AA6D-719E985B6102}"
EndProject
Global
	GlobalSection(SolutionConfigurationPlatforms) = preSolution
		Debug|Any CPU = Debug|Any CPU
		Release|Any CPU = Release|Any CPU
	EndGlobalSection
	GlobalSection(ProjectConfigurationPlatforms) = postSolution
		{450C642E-8D6A-4A3F-AA6D-719E985B6102}.Debug|Any CPU.ActiveCfg = Debug|Any CPU
		{450C642E-8D6A-4A3F-AA6D-719E985B6102}.Debug|Any CPU.Build.0 = Debug|Any CPU
		{450C642E-8D6A-4A3F-AA6D-719E985B6102}.Release|Any CPU.ActiveCfg = Release|Any CPU
		{450C642E-8D6A-4A3F-AA6D-719E985B6102}.Release|Any CPU.Build.0 = Release|Any CPU
	EndGlobalSection
	GlobalSection(SolutionProperties) = preSolution
		HideSolutionNode = FALSE
	EndGlobalSection
	GlobalSection(ExtensibilityGlobals) = postSolution
		SolutionGuid = {2C6D0046-3A86-4EEE-8970-476F3396653A}
	EndGlobalSection
EndGlobal
